
Microsoft Visual Studio Solution File, Format Version 12.00
# Visual Studio Version 17
VisualStudioVersion = 17.4.33213.308
MinimumVisualStudioVersion = 10.0.40219.1
Project("{FAE04EC0-301F-11D3-BF4B-00C04F79EFBC}") = "SemesterProjekt3Client", "SemesterProjekt3Client\SemesterProjekt3Client.csproj", "{3985005E-CD29-4073-BE00-9418519AB8B5}"
EndProject
Global
	GlobalSection(SolutionConfigurationPlatforms) = preSolution
		Debug|Any CPU = Debug|Any CPU
		Release|Any CPU = Release|Any CPU
	EndGlobalSection
	GlobalSection(ProjectConfigurationPlatforms) = postSolution
		{3985005E-CD29-4073-BE00-9418519AB8B5}.Debug|Any CPU.ActiveCfg = Debug|Any CPU
		{3985005E-CD29-4073-BE00-9418519AB8B5}.Debug|Any CPU.Build.0 = Debug|Any CPU
		{3985005E-CD29-4073-BE00-9418519AB8B5}.Release|Any CPU.ActiveCfg = Release|Any CPU
		{3985005E-CD29-4073-BE00-9418519AB8B5}.Release|Any CPU.Build.0 = Release|Any CPU
	EndGlobalSection
	GlobalSection(SolutionProperties) = preSolution
		HideSolutionNode = FALSE
	EndGlobalSection
	GlobalSection(ExtensibilityGlobals) = postSolution
		SolutionGuid = {575407CA-45AF-4299-8B98-EDB6238C68E0}
	EndGlobalSection
EndGlobal
